
Microsoft Visual Studio Solution File, Format Version 12.00
# Visual Studio Version 16
VisualStudioVersion = 16.0.31005.135
MinimumVisualStudioVersion = 10.0.40219.1
Project("{FAE04EC0-301F-11D3-BF4B-00C04F79EFBC}") = "learningExceptionsBetter", "learningExceptionsBetter\learningExceptionsBetter.csproj", "{46070DF5-162B-4956-AE50-AAF9291BDA2A}"
EndProject
Global
	GlobalSection(SolutionConfigurationPlatforms) = preSolution
		Debug|Any CPU = Debug|Any CPU
		Release|Any CPU = Release|Any CPU
	EndGlobalSection
	GlobalSection(ProjectConfigurationPlatforms) = postSolution
		{46070DF5-162B-4956-AE50-AAF9291BDA2A}.Debug|Any CPU.ActiveCfg = Debug|Any CPU
		{46070DF5-162B-4956-AE50-AAF9291BDA2A}.Debug|Any CPU.Build.0 = Debug|Any CPU
		{46070DF5-162B-4956-AE50-AAF9291BDA2A}.Release|Any CPU.ActiveCfg = Release|Any CPU
		{46070DF5-162B-4956-AE50-AAF9291BDA2A}.Release|Any CPU.Build.0 = Release|Any CPU
	EndGlobalSection
	GlobalSection(SolutionProperties) = preSolution
		HideSolutionNode = FALSE
	EndGlobalSection
	GlobalSection(ExtensibilityGlobals) = postSolution
		SolutionGuid = {CC6BFB6D-ED44-4BFD-8CDD-556F27498551}
	EndGlobalSection
EndGlobal
